
Microsoft Visual Studio Solution File, Format Version 12.00
# Visual Studio Version 16
VisualStudioVersion = 16.0.31729.503
MinimumVisualStudioVersion = 10.0.40219.1
Project("{888888A0-9F3D-457C-B088-3A5042F75D52}") = "Python proper test 1", "Python proper test 1.pyproj", "{D944A312-1F46-4ECA-844A-A43162B89426}"
EndProject
Global
	GlobalSection(SolutionConfigurationPlatforms) = preSolution
		Debug|Any CPU = Debug|Any CPU
		Release|Any CPU = Release|Any CPU
	EndGlobalSection
	GlobalSection(ProjectConfigurationPlatforms) = postSolution
		{D944A312-1F46-4ECA-844A-A43162B89426}.Debug|Any CPU.ActiveCfg = Debug|Any CPU
		{D944A312-1F46-4ECA-844A-A43162B89426}.Release|Any CPU.ActiveCfg = Release|Any CPU
	EndGlobalSection
	GlobalSection(SolutionProperties) = preSolution
		HideSolutionNode = FALSE
	EndGlobalSection
	GlobalSection(ExtensibilityGlobals) = postSolution
		SolutionGuid = {FF6EC785-0BFA-4B78-9505-56E124E71B7A}
	EndGlobalSection
EndGlobal
